Microsoft Visual Studio Solution File, Format Version 12.00
# Visual Studio 15
VisualStudioVersion = 15.0.27004.2002
MinimumVisualStudioVersion = 10.0.40219.1
Project("{2150E333-8FDC-42A3-9474-1A3956D46DE8}") = "Engine", "Engine", "{196C21F2-F7CC-4097-8358-77625677BA5E}"
EndProject
Project("{FAE04EC0-301F-11D3-BF4B-00C04F79EFBC}") = "ClassEngine", "ClassEngine\ClassEngine.csproj", "{2D5B370B-4886-44C5-88A9-FA4A9F1B321C}"
EndProject
Project("{2150E333-8FDC-42A3-9474-1A3956D46DE8}") = "Normalizers", "Normalizers", "{BAD31E4B-50EE-4044-A533-4EF499F76E1B}"
EndProject
Project("{FAE04EC0-301F-11D3-BF4B-00C04F79EFBC}") = "NormalizerJSON", "NormalizerJSON\NormalizerJSON.csproj", "{7E35CCB5-E59A-4351-A82F-49106E0AA4A1}"
EndProject
Project("{FAE04EC0-301F-11D3-BF4B-00C04F79EFBC}") = "NormalizerMsg", "NormalizerJSON\NormalizerMsg\NormalizerMsg.csproj", "{7404E4D2-84A6-4F87-BAB0-2F45A9CCEE96}"
EndProject
Project("{FAE04EC0-301F-11D3-BF4B-00C04F79EFBC}") = "NormalizerWS", "NormalizerJSON\NormalizerWS\NormalizerWS.csproj", "{FD42C275-0091-4E52-B123-250099993890}"
EndProject
Project("{FAE04EC0-301F-11D3-BF4B-00C04F79EFBC}") = "NormalizerXML", "NormalizerJSON\NormalizerXML\NormalizerXML.csproj", "{43AC9130-4815-48CB-855B-57C468C8EEA0}"
EndProject
Project("{2150E333-8FDC-42A3-9474-1A3956D46DE8}") = "Translators", "Translators", "{1AC65362-6620-4FE5-94DC-56B1942F16D7}"
EndProject
Project("{FAE04EC0-301F-11D3-BF4B-00C04F79EFBC}") = "TranslatorJSON", "TranslatorJSON\TranslatorJSON.csproj", "{C9C5B3E0-4B02-47F4-A271-C753A4B4D88A}"
EndProject
Project("{FAE04EC0-301F-11D3-BF4B-00C04F79EFBC}") = "TranslatorMsg", "TranslatorJSON\TranslatorMsg\TranslatorMsg.csproj", "{ACCB4A71-AB86-48D5-A445-291A07F15212}"
EndProject
Project("{FAE04EC0-301F-11D3-BF4B-00C04F79EFBC}") = "TranslatorWS", "TranslatorJSON\TranslatorWS\TranslatorWS.csproj", "{CD2BFA94-57CD-4C0D-AE0D-585C2F43D527}"
EndProject
Project("{FAE04EC0-301F-11D3-BF4B-00C04F79EFBC}") = "TranslatorXML", "TranslatorJSON\TranslatorXML\TranslatorXML.csproj", "{520DFAF8-59EF-490D-9CDE-45DBF3921B98}"
EndProject
Project("{FAE04EC0-301F-11D3-BF4B-00C04F79EFBC}") = "Aggregator", "Aggregator\Aggregator.csproj", "{54BBB5A8-ACDA-42F4-A303-860DA8D9B4F6}"
EndProject
Project("{FAE04EC0-301F-11D3-BF4B-00C04F79EFBC}") = "BankMsg", "BankMsg\BankMsg.csproj", "{42190DAF-693D-4B57-8D2B-5D7A5D5F5B8C}"
EndProject
Project("{FAE04EC0-301F-11D3-BF4B-00C04F79EFBC}") = "GetBanks", "GetBanks\GetBanks.csproj", "{0ED51ED5-D131-40E5-BBEB-655FAE533C9E}"
	ProjectSection(ProjectDependencies) = postProject
		{471C949C-9774-4045-9D19-52980268890F} = {471C949C-9774-4045-9D19-52980268890F}
	EndProjectSection
EndProject
Project("{FAE04EC0-301F-11D3-BF4B-00C04F79EFBC}") = "GetCreditScore", "GetCreditScore\GetCreditScore.csproj", "{77982D4A-1305-4508-A98B-6002D54B9121}"
	ProjectSection(ProjectDependencies) = postProject
		{471C949C-9774-4045-9D19-52980268890F} = {471C949C-9774-4045-9D19-52980268890F}
	EndProjectSection
EndProject
Project("{FAE04EC0-301F-11D3-BF4B-00C04F79EFBC}") = "RecipientList", "RecipientList\RecipientList.csproj", "{9F34FCD3-8D45-43E3-ABD7-51C17B8B021B}"
EndProject
Project("{9A19103F-16F7-4668-BE54-9A1E7A4F7556}") = "RabbitMQConnectionTest_Consumer", "RabbitMQConnectionTest\RabbitMQConnectionTest_Consumer.csproj", "{BCC91E73-1613-4804-A212-48AF269D4D7F}"
EndProject
Project("{9A19103F-16F7-4668-BE54-9A1E7A4F7556}") = "RabbitMQConnectionTest_Sender", "RabbitMQConnectionTest_2\RabbitMQConnectionTest_Sender.csproj", "{348AA233-D5C1-4A81-9268-AC7DEC388113}"
EndProject
Project("{FAE04EC0-301F-11D3-BF4B-00C04F79EFBC}") = "ServiceApp", "ServiceApp\ServiceApp.csproj", "{471C949C-9774-4045-9D19-52980268890F}"
EndProject
Project("{FAE04EC0-301F-11D3-BF4B-00C04F79EFBC}") = "LoanBrokerWeb", "LoanBrokerWeb\LoanBrokerWeb.csproj", "{7906202D-463C-4754-974B-88B926CD4ED3}"
	ProjectSection(ProjectDependencies) = postProject
		{471C949C-9774-4045-9D19-52980268890F} = {471C949C-9774-4045-9D19-52980268890F}
	EndProjectSection
EndProject
Global
	GlobalSection(SolutionConfigurationPlatforms) = preSolution
		Debug|Any CPU = Debug|Any CPU
		Debug|x86 = Debug|x86
		Release|Any CPU = Release|Any CPU
		Release|x86 = Release|x86
	EndGlobalSection
	GlobalSection(ProjectConfigurationPlatforms) = postSolution
		{2D5B370B-4886-44C5-88A9-FA4A9F1B321C}.Debug|Any CPU.ActiveCfg = Debug|x86
		{2D5B370B-4886-44C5-88A9-FA4A9F1B321C}.Debug|x86.ActiveCfg = Debug|x86
		{2D5B370B-4886-44C5-88A9-FA4A9F1B321C}.Debug|x86.Build.0 = Debug|x86
		{2D5B370B-4886-44C5-88A9-FA4A9F1B321C}.Release|Any CPU.ActiveCfg = Release|x86
		{2D5B370B-4886-44C5-88A9-FA4A9F1B321C}.Release|x86.ActiveCfg = Release|x86
		{2D5B370B-4886-44C5-88A9-FA4A9F1B321C}.Release|x86.Build.0 = Release|x86
		{7E35CCB5-E59A-4351-A82F-49106E0AA4A1}.Debug|Any CPU.ActiveCfg = Debug|x86
		{7E35CCB5-E59A-4351-A82F-49106E0AA4A1}.Debug|x86.ActiveCfg = Debug|x86
		{7E35CCB5-E59A-4351-A82F-49106E0AA4A1}.Debug|x86.Build.0 = Debug|x86
		{7E35CCB5-E59A-4351-A82F-49106E0AA4A1}.Release|Any CPU.ActiveCfg = Release|x86
		{7E35CCB5-E59A-4351-A82F-49106E0AA4A1}.Release|x86.ActiveCfg = Release|x86
		{7E35CCB5-E59A-4351-A82F-49106E0AA4A1}.Release|x86.Build.0 = Release|x86
		{7404E4D2-84A6-4F87-BAB0-2F45A9CCEE96}.Debug|Any CPU.ActiveCfg = Debug|x86
		{7404E4D2-84A6-4F87-BAB0-2F45A9CCEE96}.Debug|x86.ActiveCfg = Debug|x86
		{7404E4D2-84A6-4F87-BAB0-2F45A9CCEE96}.Debug|x86.Build.0 = Debug|x86
		{7404E4D2-84A6-4F87-BAB0-2F45A9CCEE96}.Release|Any CPU.ActiveCfg = Release|x86
		{7404E4D2-84A6-4F87-BAB0-2F45A9CCEE96}.Release|x86.ActiveCfg = Release|x86
		{7404E4D2-84A6-4F87-BAB0-2F45A9CCEE96}.Release|x86.Build.0 = Release|x86
		{FD42C275-0091-4E52-B123-250099993890}.Debug|Any CPU.ActiveCfg = Debug|x86
		{FD42C275-0091-4E52-B123-250099993890}.Debug|x86.ActiveCfg = Debug|x86
		{FD42C275-0091-4E52-B123-250099993890}.Debug|x86.Build.0 = Debug|x86
		{FD42C275-0091-4E52-B123-250099993890}.Release|Any CPU.ActiveCfg = Release|x86
		{FD42C275-0091-4E52-B123-250099993890}.Release|x86.ActiveCfg = Release|x86
		{FD42C275-0091-4E52-B123-250099993890}.Release|x86.Build.0 = Release|x86
		{43AC9130-4815-48CB-855B-57C468C8EEA0}.Debug|Any CPU.ActiveCfg = Debug|x86
		{43AC9130-4815-48CB-855B-57C468C8EEA0}.Debug|x86.ActiveCfg = Debug|x86
		{43AC9130-4815-48CB-855B-57C468C8EEA0}.Debug|x86.Build.0 = Debug|x86
		{43AC9130-4815-48CB-855B-57C468C8EEA0}.Release|Any CPU.ActiveCfg = Release|x86
		{43AC9130-4815-48CB-855B-57C468C8EEA0}.Release|x86.ActiveCfg = Release|x86
		{43AC9130-4815-48CB-855B-57C468C8EEA0}.Release|x86.Build.0 = Release|x86
		{C9C5B3E0-4B02-47F4-A271-C753A4B4D88A}.Debug|Any CPU.ActiveCfg = Debug|x86
		{C9C5B3E0-4B02-47F4-A271-C753A4B4D88A}.Debug|x86.ActiveCfg = Debug|x86
		{C9C5B3E0-4B02-47F4-A271-C753A4B4D88A}.Debug|x86.Build.0 = Debug|x86
		{C9C5B3E0-4B02-47F4-A271-C753A4B4D88A}.Release|Any CPU.ActiveCfg = Release|x86
		{C9C5B3E0-4B02-47F4-A271-C753A4B4D88A}.Release|x86.ActiveCfg = Release|x86
		{C9C5B3E0-4B02-47F4-A271-C753A4B4D88A}.Release|x86.Build.0 = Release|x86
		{ACCB4A71-AB86-48D5-A445-291A07F15212}.Debug|Any CPU.ActiveCfg = Debug|x86
		{ACCB4A71-AB86-48D5-A445-291A07F15212}.Debug|x86.ActiveCfg = Debug|x86
		{ACCB4A71-AB86-48D5-A445-291A07F15212}.Debug|x86.Build.0 = Debug|x86
		{ACCB4A71-AB86-48D5-A445-291A07F15212}.Release|Any CPU.ActiveCfg = Release|x86
		{ACCB4A71-AB86-48D5-A445-291A07F15212}.Release|x86.ActiveCfg = Release|x86
		{ACCB4A71-AB86-48D5-A445-291A07F15212}.Release|x86.Build.0 = Release|x86
		{CD2BFA94-57CD-4C0D-AE0D-585C2F43D527}.Debug|Any CPU.ActiveCfg = Debug|x86
		{CD2BFA94-57CD-4C0D-AE0D-585C2F43D527}.Debug|x86.ActiveCfg = Debug|x86
		{CD2BFA94-57CD-4C0D-AE0D-585C2F43D527}.Debug|x86.Build.0 = Debug|x86
		{CD2BFA94-57CD-4C0D-AE0D-585C2F43D527}.Release|Any CPU.ActiveCfg = Release|x86
		{CD2BFA94-57CD-4C0D-AE0D-585C2F43D527}.Release|x86.ActiveCfg = Release|x86
		{CD2BFA94-57CD-4C0D-AE0D-585C2F43D527}.Release|x86.Build.0 = Release|x86
		{520DFAF8-59EF-490D-9CDE-45DBF3921B98}.Debug|Any CPU.ActiveCfg = Debug|x86
		{520DFAF8-59EF-490D-9CDE-45DBF3921B98}.Debug|x86.ActiveCfg = Debug|x86
		{520DFAF8-59EF-490D-9CDE-45DBF3921B98}.Debug|x86.Build.0 = Debug|x86
		{520DFAF8-59EF-490D-9CDE-45DBF3921B98}.Release|Any CPU.ActiveCfg = Release|x86
		{520DFAF8-59EF-490D-9CDE-45DBF3921B98}.Release|x86.ActiveCfg = Release|x86
		{520DFAF8-59EF-490D-9CDE-45DBF3921B98}.Release|x86.Build.0 = Release|x86
		{54BBB5A8-ACDA-42F4-A303-860DA8D9B4F6}.Debug|Any CPU.ActiveCfg = Debug|x86
		{54BBB5A8-ACDA-42F4-A303-860DA8D9B4F6}.Debug|x86.ActiveCfg = Debug|x86
		{54BBB5A8-ACDA-42F4-A303-860DA8D9B4F6}.Debug|x86.Build.0 = Debug|x86
		{54BBB5A8-ACDA-42F4-A303-860DA8D9B4F6}.Release|Any CPU.ActiveCfg = Release|x86
		{54BBB5A8-ACDA-42F4-A303-860DA8D9B4F6}.Release|x86.ActiveCfg = Release|x86
		{54BBB5A8-ACDA-42F4-A303-860DA8D9B4F6}.Release|x86.Build.0 = Release|x86
		{42190DAF-693D-4B57-8D2B-5D7A5D5F5B8C}.Debug|Any CPU.ActiveCfg = Debug|x86
		{42190DAF-693D-4B57-8D2B-5D7A5D5F5B8C}.Debug|x86.ActiveCfg = Debug|x86
		{42190DAF-693D-4B57-8D2B-5D7A5D5F5B8C}.Debug|x86.Build.0 = Debug|x86
		{42190DAF-693D-4B57-8D2B-5D7A5D5F5B8C}.Release|Any CPU.ActiveCfg = Release|x86
		{42190DAF-693D-4B57-8D2B-5D7A5D5F5B8C}.Release|x86.ActiveCfg = Release|x86
		{42190DAF-693D-4B57-8D2B-5D7A5D5F5B8C}.Release|x86.Build.0 = Release|x86
		{0ED51ED5-D131-40E5-BBEB-655FAE533C9E}.Debug|Any CPU.ActiveCfg = Debug|x86
		{0ED51ED5-D131-40E5-BBEB-655FAE533C9E}.Debug|x86.ActiveCfg = Debug|x86
		{0ED51ED5-D131-40E5-BBEB-655FAE533C9E}.Debug|x86.Build.0 = Debug|x86
		{0ED51ED5-D131-40E5-BBEB-655FAE533C9E}.Release|Any CPU.ActiveCfg = Release|x86
		{0ED51ED5-D131-40E5-BBEB-655FAE533C9E}.Release|x86.ActiveCfg = Release|x86
		{0ED51ED5-D131-40E5-BBEB-655FAE533C9E}.Release|x86.Build.0 = Release|x86
		{77982D4A-1305-4508-A98B-6002D54B9121}.Debug|Any CPU.ActiveCfg = Debug|x86
		{77982D4A-1305-4508-A98B-6002D54B9121}.Debug|x86.ActiveCfg = Debug|x86
		{77982D4A-1305-4508-A98B-6002D54B9121}.Debug|x86.Build.0 = Debug|x86
		{77982D4A-1305-4508-A98B-6002D54B9121}.Release|Any CPU.ActiveCfg = Release|x86
		{77982D4A-1305-4508-A98B-6002D54B9121}.Release|x86.ActiveCfg = Release|x86
		{77982D4A-1305-4508-A98B-6002D54B9121}.Release|x86.Build.0 = Release|x86
		{9F34FCD3-8D45-43E3-ABD7-51C17B8B021B}.Debug|Any CPU.ActiveCfg = Debug|x86
		{9F34FCD3-8D45-43E3-ABD7-51C17B8B021B}.Debug|x86.ActiveCfg = Debug|x86
		{9F34FCD3-8D45-43E3-ABD7-51C17B8B021B}.Debug|x86.Build.0 = Debug|x86
		{9F34FCD3-8D45-43E3-ABD7-51C17B8B021B}.Release|Any CPU.ActiveCfg = Release|x86
		{9F34FCD3-8D45-43E3-ABD7-51C17B8B021B}.Release|x86.ActiveCfg = Release|x86
		{9F34FCD3-8D45-43E3-ABD7-51C17B8B021B}.Release|x86.Build.0 = Release|x86
		{BCC91E73-1613-4804-A212-48AF269D4D7F}.Debug|Any CPU.ActiveCfg = Debug|Any CPU
		{BCC91E73-1613-4804-A212-48AF269D4D7F}.Debug|Any CPU.Build.0 = Debug|Any CPU
		{BCC91E73-1613-4804-A212-48AF269D4D7F}.Debug|x86.ActiveCfg = Debug|Any CPU
		{BCC91E73-1613-4804-A212-48AF269D4D7F}.Debug|x86.Build.0 = Debug|Any CPU
		{BCC91E73-1613-4804-A212-48AF269D4D7F}.Release|Any CPU.ActiveCfg = Release|Any CPU
		{BCC91E73-1613-4804-A212-48AF269D4D7F}.Release|Any CPU.Build.0 = Release|Any CPU
		{BCC91E73-1613-4804-A212-48AF269D4D7F}.Release|x86.ActiveCfg = Release|Any CPU
		{BCC91E73-1613-4804-A212-48AF269D4D7F}.Release|x86.Build.0 = Release|Any CPU
		{348AA233-D5C1-4A81-9268-AC7DEC388113}.Debug|Any CPU.ActiveCfg = Debug|Any CPU
		{348AA233-D5C1-4A81-9268-AC7DEC388113}.Debug|Any CPU.Build.0 = Debug|Any CPU
		{348AA233-D5C1-4A81-9268-AC7DEC388113}.Debug|x86.ActiveCfg = Debug|Any CPU
		{348AA233-D5C1-4A81-9268-AC7DEC388113}.Debug|x86.Build.0 = Debug|Any CPU
		{348AA233-D5C1-4A81-9268-AC7DEC388113}.Release|Any CPU.ActiveCfg = Release|Any CPU
		{348AA233-D5C1-4A81-9268-AC7DEC388113}.Release|Any CPU.Build.0 = Release|Any CPU
		{348AA233-D5C1-4A81-9268-AC7DEC388113}.Release|x86.ActiveCfg = Release|Any CPU
		{348AA233-D5C1-4A81-9268-AC7DEC388113}.Release|x86.Build.0 = Release|Any CPU
		{471C949C-9774-4045-9D19-52980268890F}.Debug|Any CPU.ActiveCfg = Debug|Any CPU
		{471C949C-9774-4045-9D19-52980268890F}.Debug|Any CPU.Build.0 = Debug|Any CPU
		{471C949C-9774-4045-9D19-52980268890F}.Debug|x86.ActiveCfg = Debug|Any CPU
		{471C949C-9774-4045-9D19-52980268890F}.Debug|x86.Build.0 = Debug|Any CPU
		{471C949C-9774-4045-9D19-52980268890F}.Release|Any CPU.ActiveCfg = Release|Any CPU
		{471C949C-9774-4045-9D19-52980268890F}.Release|Any CPU.Build.0 = Release|Any CPU
		{471C949C-9774-4045-9D19-52980268890F}.Release|x86.ActiveCfg = Release|Any CPU
		{471C949C-9774-4045-9D19-52980268890F}.Release|x86.Build.0 = Release|Any CPU
		{7906202D-463C-4754-974B-88B926CD4ED3}.Debug|Any CPU.ActiveCfg = Debug|Any CPU
		{7906202D-463C-4754-974B-88B926CD4ED3}.Debug|Any CPU.Build.0 = Debug|Any CPU
		{7906202D-463C-4754-974B-88B926CD4ED3}.Debug|x86.ActiveCfg = Debug|Any CPU
		{7906202D-463C-4754-974B-88B926CD4ED3}.Debug|x86.Build.0 = Debug|Any CPU
		{7906202D-463C-4754-974B-88B926CD4ED3}.Release|Any CPU.ActiveCfg = Release|Any CPU
		{7906202D-463C-4754-974B-88B926CD4ED3}.Release|Any CPU.Build.0 = Release|Any CPU
		{7906202D-463C-4754-974B-88B926CD4ED3}.Release|x86.ActiveCfg = Release|Any CPU
		{7906202D-463C-4754-974B-88B926CD4ED3}.Release|x86.Build.0 = Release|Any CPU
	EndGlobalSection
	GlobalSection(SolutionProperties) = preSolution
		HideSolutionNode = FALSE
	EndGlobalSection
	GlobalSection(NestedProjects) = preSolution
		{2D5B370B-4886-44C5-88A9-FA4A9F1B321C} = {196C21F2-F7CC-4097-8358-77625677BA5E}
		{7E35CCB5-E59A-4351-A82F-49106E0AA4A1} = {BAD31E4B-50EE-4044-A533-4EF499F76E1B}
		{7404E4D2-84A6-4F87-BAB0-2F45A9CCEE96} = {BAD31E4B-50EE-4044-A533-4EF499F76E1B}
		{FD42C275-0091-4E52-B123-250099993890} = {BAD31E4B-50EE-4044-A533-4EF499F76E1B}
		{43AC9130-4815-48CB-855B-57C468C8EEA0} = {BAD31E4B-50EE-4044-A533-4EF499F76E1B}
		{C9C5B3E0-4B02-47F4-A271-C753A4B4D88A} = {1AC65362-6620-4FE5-94DC-56B1942F16D7}
		{ACCB4A71-AB86-48D5-A445-291A07F15212} = {1AC65362-6620-4FE5-94DC-56B1942F16D7}
		{CD2BFA94-57CD-4C0D-AE0D-585C2F43D527} = {1AC65362-6620-4FE5-94DC-56B1942F16D7}
		{520DFAF8-59EF-490D-9CDE-45DBF3921B98} = {1AC65362-6620-4FE5-94DC-56B1942F16D7}
	EndGlobalSection
	GlobalSection(ExtensibilityGlobals) = postSolution
		SolutionGuid = {65F76981-EBBA-46F2-AC69-6F4301522D7D}
	EndGlobalSection
EndGlobal
